
Microsoft Visual Studio Solution File, Format Version 11.00
# Visual Studio 2010
Project("{FAE04EC0-301F-11D3-BF4B-00C04F79EFBC}") = "Unity.Timeline", "Unity.Timeline.csproj", "{b33949f9-d83d-62e7-ae6e-63d2d74c8e44}"
EndProject
Project("{FAE04EC0-301F-11D3-BF4B-00C04F79EFBC}") = "Unity.TerrainTools.Editor", "Unity.TerrainTools.Editor.csproj", "{ae2f41d5-99f6-22bb-42f7-43d85c5d7f00}"
EndProject
Project("{FAE04EC0-301F-11D3-BF4B-00C04F79EFBC}") = "Unity.InputSystem", "Unity.InputSystem.csproj", "{a7e6287a-5dc5-fb94-e647-c09afd26cd2b}"
EndProject
Project("{FAE04EC0-301F-11D3-BF4B-00C04F79EFBC}") = "Unity.VisualScripting.Flow", "Unity.VisualScripting.Flow.csproj", "{60e3230e-149b-4e58-4f2a-656cef6f945a}"
EndProject
Project("{FAE04EC0-301F-11D3-BF4B-00C04F79EFBC}") = "Unity.ProBuilder", "Unity.ProBuilder.csproj", "{0398e6ef-8170-083e-1ac4-e372e5f18fc1}"
EndProject
Project("{FAE04EC0-301F-11D3-BF4B-00C04F79EFBC}") = "Unity.Timeline.Editor", "Unity.Timeline.Editor.csproj", "{ea38d570-1438-9148-b66b-cff840f71698}"
EndProject
Project("{FAE04EC0-301F-11D3-BF4B-00C04F79EFBC}") = "Unity.PlasticSCM.Editor", "Unity.PlasticSCM.Editor.csproj", "{8781c819-f2b1-f9fb-b3e6-65b0366c2506}"
EndProject
Project("{FAE04EC0-301F-11D3-BF4B-00C04F79EFBC}") = "Unity.Mathematics", "Unity.Mathematics.csproj", "{d03fba28-cf17-b5b9-beb1-bc31280259cc}"
EndProject
Project("{FAE04EC0-301F-11D3-BF4B-00C04F79EFBC}") = "Unity.VisualScripting.Core.Editor", "Unity.VisualScripting.Core.Editor.csproj", "{cb3350e0-3259-fcc5-caeb-d9f6df6faf63}"
EndProject
Project("{FAE04EC0-301F-11D3-BF4B-00C04F79EFBC}") = "UnityEditor.TestRunner", "UnityEditor.TestRunner.csproj", "{ec44ba59-8b4c-f277-a0ee-c0092d43c2ef}"
EndProject
Project("{FAE04EC0-301F-11D3-BF4B-00C04F79EFBC}") = "Unity.ProBuilder.Poly2Tri", "Unity.ProBuilder.Poly2Tri.csproj", "{ddf677e6-b0ee-9771-c0b1-83419b7be9ca}"
EndProject
Project("{FAE04EC0-301F-11D3-BF4B-00C04F79EFBC}") = "Unity.TextMeshPro.Editor", "Unity.TextMeshPro.Editor.csproj", "{e3693849-4e2f-63d7-d5f8-af4a9ef64d73}"
EndProject
Project("{FAE04EC0-301F-11D3-BF4B-00C04F79EFBC}") = "Kamgam.SettingsGenerator", "Kamgam.SettingsGenerator.csproj", "{545014ee-d8ec-063a-fc5c-137089ac7e6f}"
EndProject
Project("{FAE04EC0-301F-11D3-BF4B-00C04F79EFBC}") = "Unity.VisualScripting.Flow.Editor", "Unity.VisualScripting.Flow.Editor.csproj", "{afde19a2-510f-813c-efc2-321e005cf1e9}"
EndProject
Project("{FAE04EC0-301F-11D3-BF4B-00C04F79EFBC}") = "UnityEngine.TestRunner", "UnityEngine.TestRunner.csproj", "{fe3927c8-ace2-78a6-d976-1dc491c52375}"
EndProject
Project("{FAE04EC0-301F-11D3-BF4B-00C04F79EFBC}") = "Unity.VisualScripting.Core", "Unity.VisualScripting.Core.csproj", "{21681784-ea38-c28e-2b89-cc1c42d1c97e}"
EndProject
Project("{FAE04EC0-301F-11D3-BF4B-00C04F79EFBC}") = "Unity.Searcher.Editor", "Unity.Searcher.Editor.csproj", "{530d5e4e-3d7d-7a67-443d-e8649d61b383}"
EndProject
Project("{FAE04EC0-301F-11D3-BF4B-00C04F79EFBC}") = "Unity.Burst", "Unity.Burst.csproj", "{046a845a-135f-0743-1087-4c6606458087}"
EndProject
Project("{FAE04EC0-301F-11D3-BF4B-00C04F79EFBC}") = "sc.stylizedwater2.editor", "sc.stylizedwater2.editor.csproj", "{103bbe8b-3851-36b9-acd1-803171dcbe3f}"
EndProject
Project("{FAE04EC0-301F-11D3-BF4B-00C04F79EFBC}") = "Unity.ProBuilder.Csg", "Unity.ProBuilder.Csg.csproj", "{4532244b-da87-5094-d2e1-32909b32eb4b}"
EndProject
Project("{FAE04EC0-301F-11D3-BF4B-00C04F79EFBC}") = "Unity.AI.Navigation.Editor", "Unity.AI.Navigation.Editor.csproj", "{1b62ee5d-483d-b3dc-fea1-93ccabe337c7}"
EndProject
Project("{FAE04EC0-301F-11D3-BF4B-00C04F79EFBC}") = "Cinemachine", "Cinemachine.csproj", "{e218340b-07c7-bbee-8eca-11afbe7ccfac}"
EndProject
Project("{FAE04EC0-301F-11D3-BF4B-00C04F79EFBC}") = "Unity.VisualStudio.Editor", "Unity.VisualStudio.Editor.csproj", "{b7f02cb7-7cb1-0dc5-9456-e3760d6dbc57}"
EndProject
Project("{FAE04EC0-301F-11D3-BF4B-00C04F79EFBC}") = "Unity.Rider.Editor", "Unity.Rider.Editor.csproj", "{626cf2d5-dbb2-710a-9ea2-f4fb04351bb5}"
EndProject
Project("{FAE04EC0-301F-11D3-BF4B-00C04F79EFBC}") = "Assembly-CSharp", "Assembly-CSharp.csproj", "{6771a062-3b88-56f7-5482-388c0b1dd120}"
EndProject
Project("{FAE04EC0-301F-11D3-BF4B-00C04F79EFBC}") = "Unity.ProBuilder.Editor", "Unity.ProBuilder.Editor.csproj", "{a21b8723-8c80-6816-2cac-d9db321b844c}"
EndProject
Project("{FAE04EC0-301F-11D3-BF4B-00C04F79EFBC}") = "Unity.AI.Navigation.Editor.ConversionSystem", "Unity.AI.Navigation.Editor.ConversionSystem.csproj", "{d1d19988-218d-0009-430b-09ccb6117ab9}"
EndProject
Project("{FAE04EC0-301F-11D3-BF4B-00C04F79EFBC}") = "Unity.VisualScripting.State.Editor", "Unity.VisualScripting.State.Editor.csproj", "{6660d8e4-96e6-cc9b-d383-c899abbbbd1c}"
EndProject
Project("{FAE04EC0-301F-11D3-BF4B-00C04F79EFBC}") = "com.unity.cinemachine.editor", "com.unity.cinemachine.editor.csproj", "{42fea13b-2e7e-2c16-83a2-8003fbbc35b0}"
EndProject
Project("{FAE04EC0-301F-11D3-BF4B-00C04F79EFBC}") = "Unity.Burst.CodeGen", "Unity.Burst.CodeGen.csproj", "{db0b47c8-611b-d52d-20d3-f939a3815e68}"
EndProject
Project("{FAE04EC0-301F-11D3-BF4B-00C04F79EFBC}") = "Unity.Postprocessing.Runtime", "Unity.Postprocessing.Runtime.csproj", "{08d9bf17-e688-0fa9-43d0-a597a619ebba}"
EndProject
Project("{FAE04EC0-301F-11D3-BF4B-00C04F79EFBC}") = "Unity.Postprocessing.Editor", "Unity.Postprocessing.Editor.csproj", "{ff3941d9-7cd4-ef56-4382-a5636a564092}"
EndProject
Project("{FAE04EC0-301F-11D3-BF4B-00C04F79EFBC}") = "Unity.AI.Navigation", "Unity.AI.Navigation.csproj", "{7da308b1-46ed-53f4-713f-aa4750d00eb4}"
EndProject
Project("{FAE04EC0-301F-11D3-BF4B-00C04F79EFBC}") = "Unity.VisualScripting.State", "Unity.VisualScripting.State.csproj", "{ac0fc373-d6af-0663-41f9-490d23563923}"
EndProject
Project("{FAE04EC0-301F-11D3-BF4B-00C04F79EFBC}") = "Unity.TextMeshPro", "Unity.TextMeshPro.csproj", "{196807bc-598b-d738-861d-2b573e3add5f}"
EndProject
Project("{FAE04EC0-301F-11D3-BF4B-00C04F79EFBC}") = "Kamgam.UGUIComponentsForSettings", "Kamgam.UGUIComponentsForSettings.csproj", "{b3b53609-cd06-da9e-8e2b-63868d2050d2}"
EndProject
Project("{FAE04EC0-301F-11D3-BF4B-00C04F79EFBC}") = "Unity.VisualScripting.SettingsProvider.Editor", "Unity.VisualScripting.SettingsProvider.Editor.csproj", "{0444b45b-7332-f416-e36b-ec601e58b355}"
EndProject
Project("{FAE04EC0-301F-11D3-BF4B-00C04F79EFBC}") = "Unity.VSCode.Editor", "Unity.VSCode.Editor.csproj", "{1204d40e-664f-3eb5-088e-2b2c7adca6d7}"
EndProject
Project("{FAE04EC0-301F-11D3-BF4B-00C04F79EFBC}") = "Unity.Burst.Editor", "Unity.Burst.Editor.csproj", "{a647855b-19a2-29ad-125c-ad7bb2207ba3}"
EndProject
Project("{FAE04EC0-301F-11D3-BF4B-00C04F79EFBC}") = "Unity.AI.Navigation.Updater", "Unity.AI.Navigation.Updater.csproj", "{94b4b745-bad2-6adc-da29-4fa88dda2775}"
EndProject
Project("{FAE04EC0-301F-11D3-BF4B-00C04F79EFBC}") = "Unity.ProBuilder.Stl", "Unity.ProBuilder.Stl.csproj", "{8201ea13-318e-1173-b296-ec98dabc5ec0}"
EndProject
Project("{FAE04EC0-301F-11D3-BF4B-00C04F79EFBC}") = "Unity.Settings.Editor", "Unity.Settings.Editor.csproj", "{8fa1c4ed-dda5-29fa-c422-292ad01a2501}"
EndProject
Project("{FAE04EC0-301F-11D3-BF4B-00C04F79EFBC}") = "sc.stylizedwater2.runtime", "sc.stylizedwater2.runtime.csproj", "{c23c63a1-dda0-ce0f-f99d-ffa31fbb8ee2}"
EndProject
Project("{FAE04EC0-301F-11D3-BF4B-00C04F79EFBC}") = "Kamgam.SettingsGeneratorEditor", "Kamgam.SettingsGeneratorEditor.csproj", "{1e845ea4-e40a-69d4-aa8d-d889eb2e84ea}"
EndProject
Project("{FAE04EC0-301F-11D3-BF4B-00C04F79EFBC}") = "Kamgam.SettingsGeneratorExamples", "Kamgam.SettingsGeneratorExamples.csproj", "{a6b90a46-3543-6b04-55f6-9c6b21b73c44}"
EndProject
Project("{FAE04EC0-301F-11D3-BF4B-00C04F79EFBC}") = "Unity.ProBuilder.KdTree", "Unity.ProBuilder.KdTree.csproj", "{c4932d94-6953-b26d-b60a-0df383a899f0}"
EndProject
Project("{FAE04EC0-301F-11D3-BF4B-00C04F79EFBC}") = "Unity.ProBuilder.AddOns.Editor", "Unity.ProBuilder.AddOns.Editor.csproj", "{781f0a7b-8545-1159-2524-fff9f39b51f5}"
EndProject
Project("{FAE04EC0-301F-11D3-BF4B-00C04F79EFBC}") = "Unity.InputSystem.ForUI", "Unity.InputSystem.ForUI.csproj", "{159a4e98-6722-931a-45cf-6cca2859018b}"
EndProject
Project("{FAE04EC0-301F-11D3-BF4B-00C04F79EFBC}") = "LocalizationsForSettingsEditor", "LocalizationsForSettingsEditor.csproj", "{8b086628-95ec-b460-1e58-7f272862d366}"
EndProject
Project("{FAE04EC0-301F-11D3-BF4B-00C04F79EFBC}") = "Unity.Mathematics.Editor", "Unity.Mathematics.Editor.csproj", "{3aff52e6-6104-af33-9d5e-595b82d6aeb6}"
EndProject
Project("{FAE04EC0-301F-11D3-BF4B-00C04F79EFBC}") = "LocalizationsForSettings", "LocalizationsForSettings.csproj", "{b732fbf2-1a8d-5856-c3ad-69991650c9cc}"
EndProject
Project("{FAE04EC0-301F-11D3-BF4B-00C04F79EFBC}") = "Assembly-CSharp-Editor", "Assembly-CSharp-Editor.csproj", "{0d60790a-c805-c76b-6d55-8389b49f0dc3}"
EndProject
Project("{FAE04EC0-301F-11D3-BF4B-00C04F79EFBC}") = "Kamgam.UGUIComponentsForSettingsEditor", "Kamgam.UGUIComponentsForSettingsEditor.csproj", "{950516fa-dc83-345a-5e0b-b15fff4cc539}"
EndProject
Project("{FAE04EC0-301F-11D3-BF4B-00C04F79EFBC}") = "Unity.ProBuilder.AssetIdRemapUtility", "Unity.ProBuilder.AssetIdRemapUtility.csproj", "{0ff796b5-8ff3-c6d4-cc52-6b3970d31bde}"
EndProject
Project("{FAE04EC0-301F-11D3-BF4B-00C04F79EFBC}") = "Unity.InputSystem.TestFramework", "Unity.InputSystem.TestFramework.csproj", "{1b078669-e283-da8a-3296-b19e82d824a2}"
EndProject
Project("{FAE04EC0-301F-11D3-BF4B-00C04F79EFBC}") = "Unity.VisualScripting.Shared.Editor", "Unity.VisualScripting.Shared.Editor.csproj", "{8a334bee-3b91-1ebf-6b2d-b77b03273443}"
EndProject
Project("{FAE04EC0-301F-11D3-BF4B-00C04F79EFBC}") = "Unity.TerrainTools", "Unity.TerrainTools.csproj", "{a354f65b-3953-c0fe-bfbc-1c017c42fcf9}"
EndProject
Project("{FAE04EC0-301F-11D3-BF4B-00C04F79EFBC}") = "Unity.CollabProxy.Editor", "Unity.CollabProxy.Editor.csproj", "{b9a39d2f-3279-f27a-4796-c330f4788b29}"
EndProject
Project("{FAE04EC0-301F-11D3-BF4B-00C04F79EFBC}") = "Unity.Timeline", "Unity.Timeline.Player.csproj", "{1faee2ee-d38f-3467-1a57-cec2b5de41b3}"
EndProject
Project("{FAE04EC0-301F-11D3-BF4B-00C04F79EFBC}") = "Unity.InputSystem", "Unity.InputSystem.Player.csproj", "{8da20c80-2301-0b00-8752-11bc77e00e56}"
EndProject
Project("{FAE04EC0-301F-11D3-BF4B-00C04F79EFBC}") = "Unity.VisualScripting.Flow", "Unity.VisualScripting.Flow.Player.csproj", "{961a9856-1511-38ca-21fe-c68b58a9c651}"
EndProject
Project("{FAE04EC0-301F-11D3-BF4B-00C04F79EFBC}") = "Unity.ProBuilder", "Unity.ProBuilder.Player.csproj", "{e33f6fd0-b5fc-17b7-e9fb-700058f93cb2}"
EndProject
Project("{FAE04EC0-301F-11D3-BF4B-00C04F79EFBC}") = "Unity.Mathematics", "Unity.Mathematics.Player.csproj", "{9112d74c-2718-2583-fd0e-21dcebf41280}"
EndProject
Project("{FAE04EC0-301F-11D3-BF4B-00C04F79EFBC}") = "Unity.ProBuilder.Poly2Tri", "Unity.ProBuilder.Poly2Tri.Player.csproj", "{6ef5f636-13ba-3f4e-05ba-ea2378d2fd7d}"
EndProject
Project("{FAE04EC0-301F-11D3-BF4B-00C04F79EFBC}") = "Kamgam.SettingsGenerator", "Kamgam.SettingsGenerator.Player.csproj", "{58f612a9-c6aa-f7b5-f7a4-d2842dc92761}"
EndProject
Project("{FAE04EC0-301F-11D3-BF4B-00C04F79EFBC}") = "UnityEngine.TestRunner", "UnityEngine.TestRunner.Player.csproj", "{746cebc5-c65c-1d06-c09e-a627da8eb5b6}"
EndProject
Project("{FAE04EC0-301F-11D3-BF4B-00C04F79EFBC}") = "Unity.VisualScripting.Core", "Unity.VisualScripting.Core.Player.csproj", "{d5945d57-074b-239b-6d88-862f303110e7}"
EndProject
Project("{FAE04EC0-301F-11D3-BF4B-00C04F79EFBC}") = "Unity.Burst", "Unity.Burst.Player.csproj", "{0c85815c-ae39-d4c5-e7dd-66ef4eefd008}"
EndProject
Project("{FAE04EC0-301F-11D3-BF4B-00C04F79EFBC}") = "Unity.ProBuilder.Csg", "Unity.ProBuilder.Csg.Player.csproj", "{dd612e82-a6b2-4178-ee41-c6fb24dfc7df}"
EndProject
Project("{FAE04EC0-301F-11D3-BF4B-00C04F79EFBC}") = "Cinemachine", "Cinemachine.Player.csproj", "{a46e578a-627d-8e33-ca72-c681d388411b}"
EndProject
Project("{FAE04EC0-301F-11D3-BF4B-00C04F79EFBC}") = "Assembly-CSharp", "Assembly-CSharp.Player.csproj", "{75350959-2010-0d22-c6b1-1f1d51a9f3b8}"
EndProject
Project("{FAE04EC0-301F-11D3-BF4B-00C04F79EFBC}") = "Unity.Postprocessing.Runtime", "Unity.Postprocessing.Runtime.Player.csproj", "{e9ccd14e-4636-02c4-1383-aeb6aa5ac4a8}"
EndProject
Project("{FAE04EC0-301F-11D3-BF4B-00C04F79EFBC}") = "Unity.AI.Navigation", "Unity.AI.Navigation.Player.csproj", "{f8359ea3-3849-417a-9cfc-32a361086146}"
EndProject
Project("{FAE04EC0-301F-11D3-BF4B-00C04F79EFBC}") = "Unity.VisualScripting.State", "Unity.VisualScripting.State.Player.csproj", "{69ca9afc-2a5f-35fb-4c2f-cfd7f65662b1}"
EndProject
Project("{FAE04EC0-301F-11D3-BF4B-00C04F79EFBC}") = "Unity.TextMeshPro", "Unity.TextMeshPro.Player.csproj", "{22eb6d0f-2c1d-26b8-1b8a-94b788a12e70}"
EndProject
Project("{FAE04EC0-301F-11D3-BF4B-00C04F79EFBC}") = "Kamgam.UGUIComponentsForSettings", "Kamgam.UGUIComponentsForSettings.Player.csproj", "{ffa2cef9-f568-5dc2-b1df-fa2334efa6d2}"
EndProject
Project("{FAE04EC0-301F-11D3-BF4B-00C04F79EFBC}") = "Unity.ProBuilder.Stl", "Unity.ProBuilder.Stl.Player.csproj", "{43208f25-d524-4ec1-c0fa-01040302da12}"
EndProject
Project("{FAE04EC0-301F-11D3-BF4B-00C04F79EFBC}") = "sc.stylizedwater2.runtime", "sc.stylizedwater2.runtime.Player.csproj", "{8692632a-01b1-dbb1-f9df-5b294f1d54c3}"
EndProject
Project("{FAE04EC0-301F-11D3-BF4B-00C04F79EFBC}") = "Kamgam.SettingsGeneratorExamples", "Kamgam.SettingsGeneratorExamples.Player.csproj", "{163158b7-213c-fefc-174d-c284f1b99fed}"
EndProject
Project("{FAE04EC0-301F-11D3-BF4B-00C04F79EFBC}") = "Unity.ProBuilder.KdTree", "Unity.ProBuilder.KdTree.Player.csproj", "{5c807c1a-410b-4443-680f-55dd636e92f3}"
EndProject
Project("{FAE04EC0-301F-11D3-BF4B-00C04F79EFBC}") = "Unity.InputSystem.ForUI", "Unity.InputSystem.ForUI.Player.csproj", "{abdd327d-f5fb-0f8f-f1e3-98e60ccfd59f}"
EndProject
Project("{FAE04EC0-301F-11D3-BF4B-00C04F79EFBC}") = "LocalizationsForSettings", "LocalizationsForSettings.Player.csproj", "{fd01f725-e642-5913-5cbc-cee583df36ee}"
EndProject
Project("{FAE04EC0-301F-11D3-BF4B-00C04F79EFBC}") = "Unity.InputSystem.TestFramework", "Unity.InputSystem.TestFramework.Player.csproj", "{c9bb5a5c-8387-7e97-7190-c4a341e4875b}"
EndProject
Project("{FAE04EC0-301F-11D3-BF4B-00C04F79EFBC}") = "Unity.TerrainTools", "Unity.TerrainTools.Player.csproj", "{30bc9fc3-4b64-d1bd-bb0d-0d6982119702}"
EndProject
Project("{FAE04EC0-301F-11D3-BF4B-00C04F79EFBC}") = "Unity.Burst.Tests.UnitTests", "Unity.Burst.Tests.UnitTests.csproj", "{3131a66b-0138-2356-6b24-afda4ebe6291}"
EndProject
Project("{FAE04EC0-301F-11D3-BF4B-00C04F79EFBC}") = "Unity.TerrainTools.Editor.Tests", "Unity.TerrainTools.Editor.Tests.csproj", "{6d670c2e-8f86-f05a-008f-87b5d41e6b69}"
EndProject
Project("{FAE04EC0-301F-11D3-BF4B-00C04F79EFBC}") = "Unity.Mathematics.Tests", "Unity.Mathematics.Tests.csproj", "{f1149bd9-7614-41e9-7df7-3505a195bc16}"
EndProject
Project("{FAE04EC0-301F-11D3-BF4B-00C04F79EFBC}") = "Unity.TextMeshPro.Tests", "Unity.TextMeshPro.Tests.csproj", "{8e2e6bc9-a0bd-575d-9f97-e2eafda28b8a}"
EndProject
Project("{FAE04EC0-301F-11D3-BF4B-00C04F79EFBC}") = "Unity.Burst.Editor.Tests", "Unity.Burst.Editor.Tests.csproj", "{e93a9594-9532-71e3-e0cb-eaacab410ef0}"
EndProject
Project("{FAE04EC0-301F-11D3-BF4B-00C04F79EFBC}") = "Unity.Searcher.EditorTests", "Unity.Searcher.EditorTests.csproj", "{69266450-ef38-ffb8-54ea-f5b4718d960e}"
EndProject
Project("{FAE04EC0-301F-11D3-BF4B-00C04F79EFBC}") = "Unity.Postprocessing.Editor.Tests", "Unity.Postprocessing.Editor.Tests.csproj", "{7629ef3a-fba9-887c-4f5f-959d1ec516a5}"
EndProject
Project("{FAE04EC0-301F-11D3-BF4B-00C04F79EFBC}") = "DocCodeExamples", "DocCodeExamples.csproj", "{b3a7301c-0877-dfff-6374-0250f634b0b7}"
EndProject
Project("{FAE04EC0-301F-11D3-BF4B-00C04F79EFBC}") = "Unity.Postprocessing.Runtime.Tests", "Unity.Postprocessing.Runtime.Tests.csproj", "{7dcb1ff0-88a6-0a98-dc81-0adbd49af11e}"
EndProject
Project("{FAE04EC0-301F-11D3-BF4B-00C04F79EFBC}") = "Unity.AI.Navigation.Tests", "Unity.AI.Navigation.Tests.csproj", "{dd6cf456-bbd6-ef2b-19c7-890fb2d11d32}"
EndProject
Project("{FAE04EC0-301F-11D3-BF4B-00C04F79EFBC}") = "Unity.TextMeshPro.Editor.Tests", "Unity.TextMeshPro.Editor.Tests.csproj", "{6633a3dd-c26f-1fcf-9051-848719afd9ce}"
EndProject
Project("{FAE04EC0-301F-11D3-BF4B-00C04F79EFBC}") = "Unity.InputSystem.IntegrationTests", "Unity.InputSystem.IntegrationTests.csproj", "{47607311-26e1-24e5-866f-0ce58d9fb3c8}"
EndProject
Project("{FAE04EC0-301F-11D3-BF4B-00C04F79EFBC}") = "Unity.Settings.Tests", "Unity.Settings.Tests.csproj", "{fcd070d1-8bba-5836-8dcc-fcc931034a03}"
EndProject
Project("{FAE04EC0-301F-11D3-BF4B-00C04F79EFBC}") = "Cinemachine.Editor.Tests", "Cinemachine.Editor.Tests.csproj", "{6389bf91-3406-f51d-3606-df5aee85009c}"
EndProject
Project("{FAE04EC0-301F-11D3-BF4B-00C04F79EFBC}") = "Unity.AI.Navigation.Editor.Tests", "Unity.AI.Navigation.Editor.Tests.csproj", "{ba58aac6-5521-0eb5-54ef-29e9e2340cac}"
EndProject
Project("{FAE04EC0-301F-11D3-BF4B-00C04F79EFBC}") = "SeparateAssembly", "SeparateAssembly.csproj", "{160640c2-2b2d-178d-6c54-0eb8211a1c78}"
EndProject
Project("{FAE04EC0-301F-11D3-BF4B-00C04F79EFBC}") = "Cinemachine.Runtime.Tests", "Cinemachine.Runtime.Tests.csproj", "{bf78d045-06e1-c037-12ce-31532f676240}"
EndProject
Project("{FAE04EC0-301F-11D3-BF4B-00C04F79EFBC}") = "OverloadedFunctionPointers", "OverloadedFunctionPointers.csproj", "{d1f89b35-0f3e-034d-3bae-0be099a3d880}"
EndProject
Global
	GlobalSection(SolutionConfigurationPlatforms) = preSolution
		Debug|Any CPU = Debug|Any CPU
	EndGlobalSection
	GlobalSection(ProjectConfigurationPlatforms) = postSolution
		{b33949f9-d83d-62e7-ae6e-63d2d74c8e44}.Debug|Any CPU.ActiveCfg = Debug|Any CPU
		{b33949f9-d83d-62e7-ae6e-63d2d74c8e44}.Debug|Any CPU.Build.0 = Debug|Any CPU
		{ae2f41d5-99f6-22bb-42f7-43d85c5d7f00}.Debug|Any CPU.ActiveCfg = Debug|Any CPU
		{ae2f41d5-99f6-22bb-42f7-43d85c5d7f00}.Debug|Any CPU.Build.0 = Debug|Any CPU
		{a7e6287a-5dc5-fb94-e647-c09afd26cd2b}.Debug|Any CPU.ActiveCfg = Debug|Any CPU
		{a7e6287a-5dc5-fb94-e647-c09afd26cd2b}.Debug|Any CPU.Build.0 = Debug|Any CPU
		{60e3230e-149b-4e58-4f2a-656cef6f945a}.Debug|Any CPU.ActiveCfg = Debug|Any CPU
		{60e3230e-149b-4e58-4f2a-656cef6f945a}.Debug|Any CPU.Build.0 = Debug|Any CPU
		{0398e6ef-8170-083e-1ac4-e372e5f18fc1}.Debug|Any CPU.ActiveCfg = Debug|Any CPU
		{0398e6ef-8170-083e-1ac4-e372e5f18fc1}.Debug|Any CPU.Build.0 = Debug|Any CPU
		{ea38d570-1438-9148-b66b-cff840f71698}.Debug|Any CPU.ActiveCfg = Debug|Any CPU
		{ea38d570-1438-9148-b66b-cff840f71698}.Debug|Any CPU.Build.0 = Debug|Any CPU
		{8781c819-f2b1-f9fb-b3e6-65b0366c2506}.Debug|Any CPU.ActiveCfg = Debug|Any CPU
		{8781c819-f2b1-f9fb-b3e6-65b0366c2506}.Debug|Any CPU.Build.0 = Debug|Any CPU
		{d03fba28-cf17-b5b9-beb1-bc31280259cc}.Debug|Any CPU.ActiveCfg = Debug|Any CPU
		{d03fba28-cf17-b5b9-beb1-bc31280259cc}.Debug|Any CPU.Build.0 = Debug|Any CPU
		{cb3350e0-3259-fcc5-caeb-d9f6df6faf63}.Debug|Any CPU.ActiveCfg = Debug|Any CPU
		{cb3350e0-3259-fcc5-caeb-d9f6df6faf63}.Debug|Any CPU.Build.0 = Debug|Any CPU
		{ec44ba59-8b4c-f277-a0ee-c0092d43c2ef}.Debug|Any CPU.ActiveCfg = Debug|Any CPU
		{ec44ba59-8b4c-f277-a0ee-c0092d43c2ef}.Debug|Any CPU.Build.0 = Debug|Any CPU
		{ddf677e6-b0ee-9771-c0b1-83419b7be9ca}.Debug|Any CPU.ActiveCfg = Debug|Any CPU
		{ddf677e6-b0ee-9771-c0b1-83419b7be9ca}.Debug|Any CPU.Build.0 = Debug|Any CPU
		{e3693849-4e2f-63d7-d5f8-af4a9ef64d73}.Debug|Any CPU.ActiveCfg = Debug|Any CPU
		{e3693849-4e2f-63d7-d5f8-af4a9ef64d73}.Debug|Any CPU.Build.0 = Debug|Any CPU
		{545014ee-d8ec-063a-fc5c-137089ac7e6f}.Debug|Any CPU.ActiveCfg = Debug|Any CPU
		{545014ee-d8ec-063a-fc5c-137089ac7e6f}.Debug|Any CPU.Build.0 = Debug|Any CPU
		{afde19a2-510f-813c-efc2-321e005cf1e9}.Debug|Any CPU.ActiveCfg = Debug|Any CPU
		{afde19a2-510f-813c-efc2-321e005cf1e9}.Debug|Any CPU.Build.0 = Debug|Any CPU
		{fe3927c8-ace2-78a6-d976-1dc491c52375}.Debug|Any CPU.ActiveCfg = Debug|Any CPU
		{fe3927c8-ace2-78a6-d976-1dc491c52375}.Debug|Any CPU.Build.0 = Debug|Any CPU
		{21681784-ea38-c28e-2b89-cc1c42d1c97e}.Debug|Any CPU.ActiveCfg = Debug|Any CPU
		{21681784-ea38-c28e-2b89-cc1c42d1c97e}.Debug|Any CPU.Build.0 = Debug|Any CPU
		{530d5e4e-3d7d-7a67-443d-e8649d61b383}.Debug|Any CPU.ActiveCfg = Debug|Any CPU
		{530d5e4e-3d7d-7a67-443d-e8649d61b383}.Debug|Any CPU.Build.0 = Debug|Any CPU
		{046a845a-135f-0743-1087-4c6606458087}.Debug|Any CPU.ActiveCfg = Debug|Any CPU
		{046a845a-135f-0743-1087-4c6606458087}.Debug|Any CPU.Build.0 = Debug|Any CPU
		{103bbe8b-3851-36b9-acd1-803171dcbe3f}.Debug|Any CPU.ActiveCfg = Debug|Any CPU
		{103bbe8b-3851-36b9-acd1-803171dcbe3f}.Debug|Any CPU.Build.0 = Debug|Any CPU
		{4532244b-da87-5094-d2e1-32909b32eb4b}.Debug|Any CPU.ActiveCfg = Debug|Any CPU
		{4532244b-da87-5094-d2e1-32909b32eb4b}.Debug|Any CPU.Build.0 = Debug|Any CPU
		{1b62ee5d-483d-b3dc-fea1-93ccabe337c7}.Debug|Any CPU.ActiveCfg = Debug|Any CPU
		{1b62ee5d-483d-b3dc-fea1-93ccabe337c7}.Debug|Any CPU.Build.0 = Debug|Any CPU
		{e218340b-07c7-bbee-8eca-11afbe7ccfac}.Debug|Any CPU.ActiveCfg = Debug|Any CPU
		{e218340b-07c7-bbee-8eca-11afbe7ccfac}.Debug|Any CPU.Build.0 = Debug|Any CPU
		{b7f02cb7-7cb1-0dc5-9456-e3760d6dbc57}.Debug|Any CPU.ActiveCfg = Debug|Any CPU
		{b7f02cb7-7cb1-0dc5-9456-e3760d6dbc57}.Debug|Any CPU.Build.0 = Debug|Any CPU
		{626cf2d5-dbb2-710a-9ea2-f4fb04351bb5}.Debug|Any CPU.ActiveCfg = Debug|Any CPU
		{626cf2d5-dbb2-710a-9ea2-f4fb04351bb5}.Debug|Any CPU.Build.0 = Debug|Any CPU
		{6771a062-3b88-56f7-5482-388c0b1dd120}.Debug|Any CPU.ActiveCfg = Debug|Any CPU
		{6771a062-3b88-56f7-5482-388c0b1dd120}.Debug|Any CPU.Build.0 = Debug|Any CPU
		{a21b8723-8c80-6816-2cac-d9db321b844c}.Debug|Any CPU.ActiveCfg = Debug|Any CPU
		{a21b8723-8c80-6816-2cac-d9db321b844c}.Debug|Any CPU.Build.0 = Debug|Any CPU
		{d1d19988-218d-0009-430b-09ccb6117ab9}.Debug|Any CPU.ActiveCfg = Debug|Any CPU
		{d1d19988-218d-0009-430b-09ccb6117ab9}.Debug|Any CPU.Build.0 = Debug|Any CPU
		{6660d8e4-96e6-cc9b-d383-c899abbbbd1c}.Debug|Any CPU.ActiveCfg = Debug|Any CPU
		{6660d8e4-96e6-cc9b-d383-c899abbbbd1c}.Debug|Any CPU.Build.0 = Debug|Any CPU
		{42fea13b-2e7e-2c16-83a2-8003fbbc35b0}.Debug|Any CPU.ActiveCfg = Debug|Any CPU
		{42fea13b-2e7e-2c16-83a2-8003fbbc35b0}.Debug|Any CPU.Build.0 = Debug|Any CPU
		{db0b47c8-611b-d52d-20d3-f939a3815e68}.Debug|Any CPU.ActiveCfg = Debug|Any CPU
		{db0b47c8-611b-d52d-20d3-f939a3815e68}.Debug|Any CPU.Build.0 = Debug|Any CPU
		{08d9bf17-e688-0fa9-43d0-a597a619ebba}.Debug|Any CPU.ActiveCfg = Debug|Any CPU
		{08d9bf17-e688-0fa9-43d0-a597a619ebba}.Debug|Any CPU.Build.0 = Debug|Any CPU
		{ff3941d9-7cd4-ef56-4382-a5636a564092}.Debug|Any CPU.ActiveCfg = Debug|Any CPU
		{ff3941d9-7cd4-ef56-4382-a5636a564092}.Debug|Any CPU.Build.0 = Debug|Any CPU
		{7da308b1-46ed-53f4-713f-aa4750d00eb4}.Debug|Any CPU.ActiveCfg = Debug|Any CPU
		{7da308b1-46ed-53f4-713f-aa4750d00eb4}.Debug|Any CPU.Build.0 = Debug|Any CPU
		{ac0fc373-d6af-0663-41f9-490d23563923}.Debug|Any CPU.ActiveCfg = Debug|Any CPU
		{ac0fc373-d6af-0663-41f9-490d23563923}.Debug|Any CPU.Build.0 = Debug|Any CPU
		{196807bc-598b-d738-861d-2b573e3add5f}.Debug|Any CPU.ActiveCfg = Debug|Any CPU
		{196807bc-598b-d738-861d-2b573e3add5f}.Debug|Any CPU.Build.0 = Debug|Any CPU
		{b3b53609-cd06-da9e-8e2b-63868d2050d2}.Debug|Any CPU.ActiveCfg = Debug|Any CPU
		{b3b53609-cd06-da9e-8e2b-63868d2050d2}.Debug|Any CPU.Build.0 = Debug|Any CPU
		{0444b45b-7332-f416-e36b-ec601e58b355}.Debug|Any CPU.ActiveCfg = Debug|Any CPU
		{0444b45b-7332-f416-e36b-ec601e58b355}.Debug|Any CPU.Build.0 = Debug|Any CPU
		{1204d40e-664f-3eb5-088e-2b2c7adca6d7}.Debug|Any CPU.ActiveCfg = Debug|Any CPU
		{1204d40e-664f-3eb5-088e-2b2c7adca6d7}.Debug|Any CPU.Build.0 = Debug|Any CPU
		{a647855b-19a2-29ad-125c-ad7bb2207ba3}.Debug|Any CPU.ActiveCfg = Debug|Any CPU
		{a647855b-19a2-29ad-125c-ad7bb2207ba3}.Debug|Any CPU.Build.0 = Debug|Any CPU
		{94b4b745-bad2-6adc-da29-4fa88dda2775}.Debug|Any CPU.ActiveCfg = Debug|Any CPU
		{94b4b745-bad2-6adc-da29-4fa88dda2775}.Debug|Any CPU.Build.0 = Debug|Any CPU
		{8201ea13-318e-1173-b296-ec98dabc5ec0}.Debug|Any CPU.ActiveCfg = Debug|Any CPU
		{8201ea13-318e-1173-b296-ec98dabc5ec0}.Debug|Any CPU.Build.0 = Debug|Any CPU
		{8fa1c4ed-dda5-29fa-c422-292ad01a2501}.Debug|Any CPU.ActiveCfg = Debug|Any CPU
		{8fa1c4ed-dda5-29fa-c422-292ad01a2501}.Debug|Any CPU.Build.0 = Debug|Any CPU
		{c23c63a1-dda0-ce0f-f99d-ffa31fbb8ee2}.Debug|Any CPU.ActiveCfg = Debug|Any CPU
		{c23c63a1-dda0-ce0f-f99d-ffa31fbb8ee2}.Debug|Any CPU.Build.0 = Debug|Any CPU
		{1e845ea4-e40a-69d4-aa8d-d889eb2e84ea}.Debug|Any CPU.ActiveCfg = Debug|Any CPU
		{1e845ea4-e40a-69d4-aa8d-d889eb2e84ea}.Debug|Any CPU.Build.0 = Debug|Any CPU
		{a6b90a46-3543-6b04-55f6-9c6b21b73c44}.Debug|Any CPU.ActiveCfg = Debug|Any CPU
		{a6b90a46-3543-6b04-55f6-9c6b21b73c44}.Debug|Any CPU.Build.0 = Debug|Any CPU
		{c4932d94-6953-b26d-b60a-0df383a899f0}.Debug|Any CPU.ActiveCfg = Debug|Any CPU
		{c4932d94-6953-b26d-b60a-0df383a899f0}.Debug|Any CPU.Build.0 = Debug|Any CPU
		{781f0a7b-8545-1159-2524-fff9f39b51f5}.Debug|Any CPU.ActiveCfg = Debug|Any CPU
		{781f0a7b-8545-1159-2524-fff9f39b51f5}.Debug|Any CPU.Build.0 = Debug|Any CPU
		{159a4e98-6722-931a-45cf-6cca2859018b}.Debug|Any CPU.ActiveCfg = Debug|Any CPU
		{159a4e98-6722-931a-45cf-6cca2859018b}.Debug|Any CPU.Build.0 = Debug|Any CPU
		{8b086628-95ec-b460-1e58-7f272862d366}.Debug|Any CPU.ActiveCfg = Debug|Any CPU
		{8b086628-95ec-b460-1e58-7f272862d366}.Debug|Any CPU.Build.0 = Debug|Any CPU
		{3aff52e6-6104-af33-9d5e-595b82d6aeb6}.Debug|Any CPU.ActiveCfg = Debug|Any CPU
		{3aff52e6-6104-af33-9d5e-595b82d6aeb6}.Debug|Any CPU.Build.0 = Debug|Any CPU
		{b732fbf2-1a8d-5856-c3ad-69991650c9cc}.Debug|Any CPU.ActiveCfg = Debug|Any CPU
		{b732fbf2-1a8d-5856-c3ad-69991650c9cc}.Debug|Any CPU.Build.0 = Debug|Any CPU
		{0d60790a-c805-c76b-6d55-8389b49f0dc3}.Debug|Any CPU.ActiveCfg = Debug|Any CPU
		{0d60790a-c805-c76b-6d55-8389b49f0dc3}.Debug|Any CPU.Build.0 = Debug|Any CPU
		{950516fa-dc83-345a-5e0b-b15fff4cc539}.Debug|Any CPU.ActiveCfg = Debug|Any CPU
		{950516fa-dc83-345a-5e0b-b15fff4cc539}.Debug|Any CPU.Build.0 = Debug|Any CPU
		{0ff796b5-8ff3-c6d4-cc52-6b3970d31bde}.Debug|Any CPU.ActiveCfg = Debug|Any CPU
		{0ff796b5-8ff3-c6d4-cc52-6b3970d31bde}.Debug|Any CPU.Build.0 = Debug|Any CPU
		{1b078669-e283-da8a-3296-b19e82d824a2}.Debug|Any CPU.ActiveCfg = Debug|Any CPU
		{1b078669-e283-da8a-3296-b19e82d824a2}.Debug|Any CPU.Build.0 = Debug|Any CPU
		{8a334bee-3b91-1ebf-6b2d-b77b03273443}.Debug|Any CPU.ActiveCfg = Debug|Any CPU
		{8a334bee-3b91-1ebf-6b2d-b77b03273443}.Debug|Any CPU.Build.0 = Debug|Any CPU
		{a354f65b-3953-c0fe-bfbc-1c017c42fcf9}.Debug|Any CPU.ActiveCfg = Debug|Any CPU
		{a354f65b-3953-c0fe-bfbc-1c017c42fcf9}.Debug|Any CPU.Build.0 = Debug|Any CPU
		{b9a39d2f-3279-f27a-4796-c330f4788b29}.Debug|Any CPU.ActiveCfg = Debug|Any CPU
		{b9a39d2f-3279-f27a-4796-c330f4788b29}.Debug|Any CPU.Build.0 = Debug|Any CPU
		{1faee2ee-d38f-3467-1a57-cec2b5de41b3}.Debug|Any CPU.ActiveCfg = Debug|Any CPU
		{1faee2ee-d38f-3467-1a57-cec2b5de41b3}.Debug|Any CPU.Build.0 = Debug|Any CPU
		{8da20c80-2301-0b00-8752-11bc77e00e56}.Debug|Any CPU.ActiveCfg = Debug|Any CPU
		{8da20c80-2301-0b00-8752-11bc77e00e56}.Debug|Any CPU.Build.0 = Debug|Any CPU
		{961a9856-1511-38ca-21fe-c68b58a9c651}.Debug|Any CPU.ActiveCfg = Debug|Any CPU
		{961a9856-1511-38ca-21fe-c68b58a9c651}.Debug|Any CPU.Build.0 = Debug|Any CPU
		{e33f6fd0-b5fc-17b7-e9fb-700058f93cb2}.Debug|Any CPU.ActiveCfg = Debug|Any CPU
		{e33f6fd0-b5fc-17b7-e9fb-700058f93cb2}.Debug|Any CPU.Build.0 = Debug|Any CPU
		{9112d74c-2718-2583-fd0e-21dcebf41280}.Debug|Any CPU.ActiveCfg = Debug|Any CPU
		{9112d74c-2718-2583-fd0e-21dcebf41280}.Debug|Any CPU.Build.0 = Debug|Any CPU
		{6ef5f636-13ba-3f4e-05ba-ea2378d2fd7d}.Debug|Any CPU.ActiveCfg = Debug|Any CPU
		{6ef5f636-13ba-3f4e-05ba-ea2378d2fd7d}.Debug|Any CPU.Build.0 = Debug|Any CPU
		{58f612a9-c6aa-f7b5-f7a4-d2842dc92761}.Debug|Any CPU.ActiveCfg = Debug|Any CPU
		{58f612a9-c6aa-f7b5-f7a4-d2842dc92761}.Debug|Any CPU.Build.0 = Debug|Any CPU
		{746cebc5-c65c-1d06-c09e-a627da8eb5b6}.Debug|Any CPU.ActiveCfg = Debug|Any CPU
		{746cebc5-c65c-1d06-c09e-a627da8eb5b6}.Debug|Any CPU.Build.0 = Debug|Any CPU
		{d5945d57-074b-239b-6d88-862f303110e7}.Debug|Any CPU.ActiveCfg = Debug|Any CPU
		{d5945d57-074b-239b-6d88-862f303110e7}.Debug|Any CPU.Build.0 = Debug|Any CPU
		{0c85815c-ae39-d4c5-e7dd-66ef4eefd008}.Debug|Any CPU.ActiveCfg = Debug|Any CPU
		{0c85815c-ae39-d4c5-e7dd-66ef4eefd008}.Debug|Any CPU.Build.0 = Debug|Any CPU
		{dd612e82-a6b2-4178-ee41-c6fb24dfc7df}.Debug|Any CPU.ActiveCfg = Debug|Any CPU
		{dd612e82-a6b2-4178-ee41-c6fb24dfc7df}.Debug|Any CPU.Build.0 = Debug|Any CPU
		{a46e578a-627d-8e33-ca72-c681d388411b}.Debug|Any CPU.ActiveCfg = Debug|Any CPU
		{a46e578a-627d-8e33-ca72-c681d388411b}.Debug|Any CPU.Build.0 = Debug|Any CPU
		{75350959-2010-0d22-c6b1-1f1d51a9f3b8}.Debug|Any CPU.ActiveCfg = Debug|Any CPU
		{75350959-2010-0d22-c6b1-1f1d51a9f3b8}.Debug|Any CPU.Build.0 = Debug|Any CPU
		{e9ccd14e-4636-02c4-1383-aeb6aa5ac4a8}.Debug|Any CPU.ActiveCfg = Debug|Any CPU
		{e9ccd14e-4636-02c4-1383-aeb6aa5ac4a8}.Debug|Any CPU.Build.0 = Debug|Any CPU
		{f8359ea3-3849-417a-9cfc-32a361086146}.Debug|Any CPU.ActiveCfg = Debug|Any CPU
		{f8359ea3-3849-417a-9cfc-32a361086146}.Debug|Any CPU.Build.0 = Debug|Any CPU
		{69ca9afc-2a5f-35fb-4c2f-cfd7f65662b1}.Debug|Any CPU.ActiveCfg = Debug|Any CPU
		{69ca9afc-2a5f-35fb-4c2f-cfd7f65662b1}.Debug|Any CPU.Build.0 = Debug|Any CPU
		{22eb6d0f-2c1d-26b8-1b8a-94b788a12e70}.Debug|Any CPU.ActiveCfg = Debug|Any CPU
		{22eb6d0f-2c1d-26b8-1b8a-94b788a12e70}.Debug|Any CPU.Build.0 = Debug|Any CPU
		{ffa2cef9-f568-5dc2-b1df-fa2334efa6d2}.Debug|Any CPU.ActiveCfg = Debug|Any CPU
		{ffa2cef9-f568-5dc2-b1df-fa2334efa6d2}.Debug|Any CPU.Build.0 = Debug|Any CPU
		{43208f25-d524-4ec1-c0fa-01040302da12}.Debug|Any CPU.ActiveCfg = Debug|Any CPU
		{43208f25-d524-4ec1-c0fa-01040302da12}.Debug|Any CPU.Build.0 = Debug|Any CPU
		{8692632a-01b1-dbb1-f9df-5b294f1d54c3}.Debug|Any CPU.ActiveCfg = Debug|Any CPU
		{8692632a-01b1-dbb1-f9df-5b294f1d54c3}.Debug|Any CPU.Build.0 = Debug|Any CPU
		{163158b7-213c-fefc-174d-c284f1b99fed}.Debug|Any CPU.ActiveCfg = Debug|Any CPU
		{163158b7-213c-fefc-174d-c284f1b99fed}.Debug|Any CPU.Build.0 = Debug|Any CPU
		{5c807c1a-410b-4443-680f-55dd636e92f3}.Debug|Any CPU.ActiveCfg = Debug|Any CPU
		{5c807c1a-410b-4443-680f-55dd636e92f3}.Debug|Any CPU.Build.0 = Debug|Any CPU
		{abdd327d-f5fb-0f8f-f1e3-98e60ccfd59f}.Debug|Any CPU.ActiveCfg = Debug|Any CPU
		{abdd327d-f5fb-0f8f-f1e3-98e60ccfd59f}.Debug|Any CPU.Build.0 = Debug|Any CPU
		{fd01f725-e642-5913-5cbc-cee583df36ee}.Debug|Any CPU.ActiveCfg = Debug|Any CPU
		{fd01f725-e642-5913-5cbc-cee583df36ee}.Debug|Any CPU.Build.0 = Debug|Any CPU
		{c9bb5a5c-8387-7e97-7190-c4a341e4875b}.Debug|Any CPU.ActiveCfg = Debug|Any CPU
		{c9bb5a5c-8387-7e97-7190-c4a341e4875b}.Debug|Any CPU.Build.0 = Debug|Any CPU
		{30bc9fc3-4b64-d1bd-bb0d-0d6982119702}.Debug|Any CPU.ActiveCfg = Debug|Any CPU
		{30bc9fc3-4b64-d1bd-bb0d-0d6982119702}.Debug|Any CPU.Build.0 = Debug|Any CPU
		{3131a66b-0138-2356-6b24-afda4ebe6291}.Debug|Any CPU.ActiveCfg = Debug|Any CPU
		{3131a66b-0138-2356-6b24-afda4ebe6291}.Debug|Any CPU.Build.0 = Debug|Any CPU
		{6d670c2e-8f86-f05a-008f-87b5d41e6b69}.Debug|Any CPU.ActiveCfg = Debug|Any CPU
		{6d670c2e-8f86-f05a-008f-87b5d41e6b69}.Debug|Any CPU.Build.0 = Debug|Any CPU
		{f1149bd9-7614-41e9-7df7-3505a195bc16}.Debug|Any CPU.ActiveCfg = Debug|Any CPU
		{f1149bd9-7614-41e9-7df7-3505a195bc16}.Debug|Any CPU.Build.0 = Debug|Any CPU
		{8e2e6bc9-a0bd-575d-9f97-e2eafda28b8a}.Debug|Any CPU.ActiveCfg = Debug|Any CPU
		{8e2e6bc9-a0bd-575d-9f97-e2eafda28b8a}.Debug|Any CPU.Build.0 = Debug|Any CPU
		{e93a9594-9532-71e3-e0cb-eaacab410ef0}.Debug|Any CPU.ActiveCfg = Debug|Any CPU
		{e93a9594-9532-71e3-e0cb-eaacab410ef0}.Debug|Any CPU.Build.0 = Debug|Any CPU
		{69266450-ef38-ffb8-54ea-f5b4718d960e}.Debug|Any CPU.ActiveCfg = Debug|Any CPU
		{69266450-ef38-ffb8-54ea-f5b4718d960e}.Debug|Any CPU.Build.0 = Debug|Any CPU
		{7629ef3a-fba9-887c-4f5f-959d1ec516a5}.Debug|Any CPU.ActiveCfg = Debug|Any CPU
		{7629ef3a-fba9-887c-4f5f-959d1ec516a5}.Debug|Any CPU.Build.0 = Debug|Any CPU
		{b3a7301c-0877-dfff-6374-0250f634b0b7}.Debug|Any CPU.ActiveCfg = Debug|Any CPU
		{b3a7301c-0877-dfff-6374-0250f634b0b7}.Debug|Any CPU.Build.0 = Debug|Any CPU
		{7dcb1ff0-88a6-0a98-dc81-0adbd49af11e}.Debug|Any CPU.ActiveCfg = Debug|Any CPU
		{7dcb1ff0-88a6-0a98-dc81-0adbd49af11e}.Debug|Any CPU.Build.0 = Debug|Any CPU
		{dd6cf456-bbd6-ef2b-19c7-890fb2d11d32}.Debug|Any CPU.ActiveCfg = Debug|Any CPU
		{dd6cf456-bbd6-ef2b-19c7-890fb2d11d32}.Debug|Any CPU.Build.0 = Debug|Any CPU
		{6633a3dd-c26f-1fcf-9051-848719afd9ce}.Debug|Any CPU.ActiveCfg = Debug|Any CPU
		{6633a3dd-c26f-1fcf-9051-848719afd9ce}.Debug|Any CPU.Build.0 = Debug|Any CPU
		{47607311-26e1-24e5-866f-0ce58d9fb3c8}.Debug|Any CPU.ActiveCfg = Debug|Any CPU
		{47607311-26e1-24e5-866f-0ce58d9fb3c8}.Debug|Any CPU.Build.0 = Debug|Any CPU
		{fcd070d1-8bba-5836-8dcc-fcc931034a03}.Debug|Any CPU.ActiveCfg = Debug|Any CPU
		{fcd070d1-8bba-5836-8dcc-fcc931034a03}.Debug|Any CPU.Build.0 = Debug|Any CPU
		{6389bf91-3406-f51d-3606-df5aee85009c}.Debug|Any CPU.ActiveCfg = Debug|Any CPU
		{6389bf91-3406-f51d-3606-df5aee85009c}.Debug|Any CPU.Build.0 = Debug|Any CPU
		{ba58aac6-5521-0eb5-54ef-29e9e2340cac}.Debug|Any CPU.ActiveCfg = Debug|Any CPU
		{ba58aac6-5521-0eb5-54ef-29e9e2340cac}.Debug|Any CPU.Build.0 = Debug|Any CPU
		{160640c2-2b2d-178d-6c54-0eb8211a1c78}.Debug|Any CPU.ActiveCfg = Debug|Any CPU
		{160640c2-2b2d-178d-6c54-0eb8211a1c78}.Debug|Any CPU.Build.0 = Debug|Any CPU
		{bf78d045-06e1-c037-12ce-31532f676240}.Debug|Any CPU.ActiveCfg = Debug|Any CPU
		{bf78d045-06e1-c037-12ce-31532f676240}.Debug|Any CPU.Build.0 = Debug|Any CPU
		{d1f89b35-0f3e-034d-3bae-0be099a3d880}.Debug|Any CPU.ActiveCfg = Debug|Any CPU
		{d1f89b35-0f3e-034d-3bae-0be099a3d880}.Debug|Any CPU.Build.0 = Debug|Any CPU
	EndGlobalSection
	GlobalSection(SolutionProperties) = preSolution
		HideSolutionNode = FALSE
	EndGlobalSection
EndGlobal
